
Microsoft Visual Studio Solution File, Format Version 12.00
# Visual Studio 15
VisualStudioVersion = 15.0.27703.2026
MinimumVisualStudioVersion = 10.0.40219.1
Project("{FAE04EC0-301F-11D3-BF4B-00C04F79EFBC}") = "Databases", "Databases\Databases.csproj", "{903434D3-0706-4540-89AC-5BFF36B471A2}"
EndProject
Project("{FAE04EC0-301F-11D3-BF4B-00C04F79EFBC}") = "Entity Framework", "Entity Framework\Entity Framework.csproj", "{5BA5D2A1-B820-4513-8A58-9710A431F23E}"
EndProject
Project("{FAE04EC0-301F-11D3-BF4B-00C04F79EFBC}") = "MongoDB", "MongoDB\MongoDB.csproj", "{C82168A8-F817-4A00-8E06-D7F83D2B0B5D}"
EndProject
Global
	GlobalSection(SolutionConfigurationPlatforms) = preSolution
		Debug|Any CPU = Debug|Any CPU
		Release|Any CPU = Release|Any CPU
	EndGlobalSection
	GlobalSection(ProjectConfigurationPlatforms) = postSolution
		{903434D3-0706-4540-89AC-5BFF36B471A2}.Debug|Any CPU.ActiveCfg = Debug|Any CPU
		{903434D3-0706-4540-89AC-5BFF36B471A2}.Debug|Any CPU.Build.0 = Debug|Any CPU
		{903434D3-0706-4540-89AC-5BFF36B471A2}.Release|Any CPU.ActiveCfg = Release|Any CPU
		{903434D3-0706-4540-89AC-5BFF36B471A2}.Release|Any CPU.Build.0 = Release|Any CPU
		{5BA5D2A1-B820-4513-8A58-9710A431F23E}.Debug|Any CPU.ActiveCfg = Debug|Any CPU
		{5BA5D2A1-B820-4513-8A58-9710A431F23E}.Debug|Any CPU.Build.0 = Debug|Any CPU
		{5BA5D2A1-B820-4513-8A58-9710A431F23E}.Release|Any CPU.ActiveCfg = Release|Any CPU
		{5BA5D2A1-B820-4513-8A58-9710A431F23E}.Release|Any CPU.Build.0 = Release|Any CPU
		{C82168A8-F817-4A00-8E06-D7F83D2B0B5D}.Debug|Any CPU.ActiveCfg = Debug|Any CPU
		{C82168A8-F817-4A00-8E06-D7F83D2B0B5D}.Debug|Any CPU.Build.0 = Debug|Any CPU
		{C82168A8-F817-4A00-8E06-D7F83D2B0B5D}.Release|Any CPU.ActiveCfg = Release|Any CPU
		{C82168A8-F817-4A00-8E06-D7F83D2B0B5D}.Release|Any CPU.Build.0 = Release|Any CPU
	EndGlobalSection
	GlobalSection(SolutionProperties) = preSolution
		HideSolutionNode = FALSE
	EndGlobalSection
	GlobalSection(ExtensibilityGlobals) = postSolution
		SolutionGuid = {6DE5BE1A-52FE-477C-978B-09D7EF4F4DF8}
	EndGlobalSection
EndGlobal
